
Microsoft Visual Studio Solution File, Format Version 12.00
# Visual Studio Version 17
VisualStudioVersion = 17.0.32014.148
MinimumVisualStudioVersion = 10.0.40219.1
Project("{FAE04EC0-301F-11D3-BF4B-00C04F79EFBC}") = "ExtractExcel", "ExtractExcel\ExtractExcel.csproj", "{B626F64F-1C6D-460D-8CE9-78015B20DC1D}"
EndProject
Project("{FAE04EC0-301F-11D3-BF4B-00C04F79EFBC}") = "ModifyExcel", "ModifyExcel\ModifyExcel.csproj", "{DC63C98A-08B9-4977-8067-DE0490533852}"
EndProject
Project("{FAE04EC0-301F-11D3-BF4B-00C04F79EFBC}") = "ExtractWord", "ExtractWord\ExtractWord.csproj", "{B0A3780B-921D-4666-8E26-C4EA1260FFF2}"
EndProject
Project("{2150E333-8FDC-42A3-9474-1A3956D46DE8}") = "SMP_MSExcel", "SMP_MSExcel", "{57EDD388-897E-42AC-A169-1BC88099EA63}"
EndProject
Project("{2150E333-8FDC-42A3-9474-1A3956D46DE8}") = "SMP_MSWord", "SMP_MSWord", "{71BE815F-B07F-424C-ACB3-CC8E68675362}"
EndProject
Project("{FAE04EC0-301F-11D3-BF4B-00C04F79EFBC}") = "ModifyWord", "ModifyWord\ModifyWord.csproj", "{EA2BA648-A54A-4124-B0CB-89EDBACCEFDF}"
EndProject
Project("{2150E333-8FDC-42A3-9474-1A3956D46DE8}") = "SMP_JsonToDb", "SMP_JsonToDb", "{097478A6-4FC7-44D0-80DC-DF4EBBE56DEF}"
EndProject
Project("{FAE04EC0-301F-11D3-BF4B-00C04F79EFBC}") = "SMP_JsonToDb", "SMP_JsonToDb\SMP_JsonToDb.csproj", "{BD0F73A7-F762-4AAB-8CF6-CBD38E764ABE}"
EndProject
Project("{2150E333-8FDC-42A3-9474-1A3956D46DE8}") = "SMP_TranformJS", "SMP_TranformJS", "{FBDA8C35-3CFD-406A-B421-F70AEEEC7E41}"
EndProject
Project("{FAE04EC0-301F-11D3-BF4B-00C04F79EFBC}") = "TransformExJsToWordJs", "TransformExJsToWordJs\TransformExJsToWordJs.csproj", "{CF7ED1D3-9294-4739-A0E9-D6AF0571270A}"
EndProject
Project("{FAE04EC0-301F-11D3-BF4B-00C04F79EFBC}") = "TransformWordJsToExJs", "TransformWordJsToExJs\TransformWordJsToExJs.csproj", "{7E06C46A-95EB-4970-836C-CE83E4F46C9B}"
EndProject
Global
	GlobalSection(SolutionConfigurationPlatforms) = preSolution
		Debug|Any CPU = Debug|Any CPU
		Debug|x64 = Debug|x64
		Release|Any CPU = Release|Any CPU
		Release|x64 = Release|x64
	EndGlobalSection
	GlobalSection(ProjectConfigurationPlatforms) = postSolution
		{B626F64F-1C6D-460D-8CE9-78015B20DC1D}.Debug|Any CPU.ActiveCfg = Debug|Any CPU
		{B626F64F-1C6D-460D-8CE9-78015B20DC1D}.Debug|Any CPU.Build.0 = Debug|Any CPU
		{B626F64F-1C6D-460D-8CE9-78015B20DC1D}.Debug|x64.ActiveCfg = Debug|Any CPU
		{B626F64F-1C6D-460D-8CE9-78015B20DC1D}.Debug|x64.Build.0 = Debug|Any CPU
		{B626F64F-1C6D-460D-8CE9-78015B20DC1D}.Release|Any CPU.ActiveCfg = Release|Any CPU
		{B626F64F-1C6D-460D-8CE9-78015B20DC1D}.Release|Any CPU.Build.0 = Release|Any CPU
		{B626F64F-1C6D-460D-8CE9-78015B20DC1D}.Release|x64.ActiveCfg = Release|x64
		{B626F64F-1C6D-460D-8CE9-78015B20DC1D}.Release|x64.Build.0 = Release|x64
		{DC63C98A-08B9-4977-8067-DE0490533852}.Debug|Any CPU.ActiveCfg = Debug|Any CPU
		{DC63C98A-08B9-4977-8067-DE0490533852}.Debug|Any CPU.Build.0 = Debug|Any CPU
		{DC63C98A-08B9-4977-8067-DE0490533852}.Debug|x64.ActiveCfg = Debug|Any CPU
		{DC63C98A-08B9-4977-8067-DE0490533852}.Debug|x64.Build.0 = Debug|Any CPU
		{DC63C98A-08B9-4977-8067-DE0490533852}.Release|Any CPU.ActiveCfg = Release|Any CPU
		{DC63C98A-08B9-4977-8067-DE0490533852}.Release|Any CPU.Build.0 = Release|Any CPU
		{DC63C98A-08B9-4977-8067-DE0490533852}.Release|x64.ActiveCfg = Release|Any CPU
		{DC63C98A-08B9-4977-8067-DE0490533852}.Release|x64.Build.0 = Release|Any CPU
		{B0A3780B-921D-4666-8E26-C4EA1260FFF2}.Debug|Any CPU.ActiveCfg = Debug|Any CPU
		{B0A3780B-921D-4666-8E26-C4EA1260FFF2}.Debug|Any CPU.Build.0 = Debug|Any CPU
		{B0A3780B-921D-4666-8E26-C4EA1260FFF2}.Debug|x64.ActiveCfg = Debug|Any CPU
		{B0A3780B-921D-4666-8E26-C4EA1260FFF2}.Debug|x64.Build.0 = Debug|Any CPU
		{B0A3780B-921D-4666-8E26-C4EA1260FFF2}.Release|Any CPU.ActiveCfg = Release|Any CPU
		{B0A3780B-921D-4666-8E26-C4EA1260FFF2}.Release|Any CPU.Build.0 = Release|Any CPU
		{B0A3780B-921D-4666-8E26-C4EA1260FFF2}.Release|x64.ActiveCfg = Release|Any CPU
		{B0A3780B-921D-4666-8E26-C4EA1260FFF2}.Release|x64.Build.0 = Release|Any CPU
		{EA2BA648-A54A-4124-B0CB-89EDBACCEFDF}.Debug|Any CPU.ActiveCfg = Debug|Any CPU
		{EA2BA648-A54A-4124-B0CB-89EDBACCEFDF}.Debug|Any CPU.Build.0 = Debug|Any CPU
		{EA2BA648-A54A-4124-B0CB-89EDBACCEFDF}.Debug|x64.ActiveCfg = Debug|Any CPU
		{EA2BA648-A54A-4124-B0CB-89EDBACCEFDF}.Debug|x64.Build.0 = Debug|Any CPU
		{EA2BA648-A54A-4124-B0CB-89EDBACCEFDF}.Release|Any CPU.ActiveCfg = Release|Any CPU
		{EA2BA648-A54A-4124-B0CB-89EDBACCEFDF}.Release|Any CPU.Build.0 = Release|Any CPU
		{EA2BA648-A54A-4124-B0CB-89EDBACCEFDF}.Release|x64.ActiveCfg = Release|Any CPU
		{EA2BA648-A54A-4124-B0CB-89EDBACCEFDF}.Release|x64.Build.0 = Release|Any CPU
		{BD0F73A7-F762-4AAB-8CF6-CBD38E764ABE}.Debug|Any CPU.ActiveCfg = Debug|Any CPU
		{BD0F73A7-F762-4AAB-8CF6-CBD38E764ABE}.Debug|Any CPU.Build.0 = Debug|Any CPU
		{BD0F73A7-F762-4AAB-8CF6-CBD38E764ABE}.Debug|x64.ActiveCfg = Debug|Any CPU
		{BD0F73A7-F762-4AAB-8CF6-CBD38E764ABE}.Debug|x64.Build.0 = Debug|Any CPU
		{BD0F73A7-F762-4AAB-8CF6-CBD38E764ABE}.Release|Any CPU.ActiveCfg = Release|Any CPU
		{BD0F73A7-F762-4AAB-8CF6-CBD38E764ABE}.Release|Any CPU.Build.0 = Release|Any CPU
		{BD0F73A7-F762-4AAB-8CF6-CBD38E764ABE}.Release|x64.ActiveCfg = Release|Any CPU
		{BD0F73A7-F762-4AAB-8CF6-CBD38E764ABE}.Release|x64.Build.0 = Release|Any CPU
		{CF7ED1D3-9294-4739-A0E9-D6AF0571270A}.Debug|Any CPU.ActiveCfg = Debug|Any CPU
		{CF7ED1D3-9294-4739-A0E9-D6AF0571270A}.Debug|Any CPU.Build.0 = Debug|Any CPU
		{CF7ED1D3-9294-4739-A0E9-D6AF0571270A}.Debug|x64.ActiveCfg = Debug|Any CPU
		{CF7ED1D3-9294-4739-A0E9-D6AF0571270A}.Debug|x64.Build.0 = Debug|Any CPU
		{CF7ED1D3-9294-4739-A0E9-D6AF0571270A}.Release|Any CPU.ActiveCfg = Release|Any CPU
		{CF7ED1D3-9294-4739-A0E9-D6AF0571270A}.Release|Any CPU.Build.0 = Release|Any CPU
		{CF7ED1D3-9294-4739-A0E9-D6AF0571270A}.Release|x64.ActiveCfg = Release|Any CPU
		{CF7ED1D3-9294-4739-A0E9-D6AF0571270A}.Release|x64.Build.0 = Release|Any CPU
		{7E06C46A-95EB-4970-836C-CE83E4F46C9B}.Debug|Any CPU.ActiveCfg = Debug|Any CPU
		{7E06C46A-95EB-4970-836C-CE83E4F46C9B}.Debug|Any CPU.Build.0 = Debug|Any CPU
		{7E06C46A-95EB-4970-836C-CE83E4F46C9B}.Debug|x64.ActiveCfg = Debug|Any CPU
		{7E06C46A-95EB-4970-836C-CE83E4F46C9B}.Debug|x64.Build.0 = Debug|Any CPU
		{7E06C46A-95EB-4970-836C-CE83E4F46C9B}.Release|Any CPU.ActiveCfg = Release|Any CPU
		{7E06C46A-95EB-4970-836C-CE83E4F46C9B}.Release|Any CPU.Build.0 = Release|Any CPU
		{7E06C46A-95EB-4970-836C-CE83E4F46C9B}.Release|x64.ActiveCfg = Release|Any CPU
		{7E06C46A-95EB-4970-836C-CE83E4F46C9B}.Release|x64.Build.0 = Release|Any CPU
	EndGlobalSection
	GlobalSection(SolutionProperties) = preSolution
		HideSolutionNode = FALSE
	EndGlobalSection
	GlobalSection(NestedProjects) = preSolution
		{B626F64F-1C6D-460D-8CE9-78015B20DC1D} = {57EDD388-897E-42AC-A169-1BC88099EA63}
		{DC63C98A-08B9-4977-8067-DE0490533852} = {57EDD388-897E-42AC-A169-1BC88099EA63}
		{B0A3780B-921D-4666-8E26-C4EA1260FFF2} = {71BE815F-B07F-424C-ACB3-CC8E68675362}
		{EA2BA648-A54A-4124-B0CB-89EDBACCEFDF} = {71BE815F-B07F-424C-ACB3-CC8E68675362}
		{BD0F73A7-F762-4AAB-8CF6-CBD38E764ABE} = {097478A6-4FC7-44D0-80DC-DF4EBBE56DEF}
		{CF7ED1D3-9294-4739-A0E9-D6AF0571270A} = {FBDA8C35-3CFD-406A-B421-F70AEEEC7E41}
		{7E06C46A-95EB-4970-836C-CE83E4F46C9B} = {FBDA8C35-3CFD-406A-B421-F70AEEEC7E41}
	EndGlobalSection
	GlobalSection(ExtensibilityGlobals) = postSolution
		SolutionGuid = {97D0AF12-5A62-4506-8D2C-9D64A01B9ABA}
	EndGlobalSection
EndGlobal
